
Microsoft Visual Studio Solution File, Format Version 12.00
# Visual Studio Version 16
VisualStudioVersion = 16.0.30523.141
MinimumVisualStudioVersion = 10.0.40219.1
Project("{FAE04EC0-301F-11D3-BF4B-00C04F79EFBC}") = "BarChart", "BarChart\BarChart.csproj", "{44DBEBA4-56B8-4BA7-96C3-6AFAAA32D947}"
EndProject
Project("{FAE04EC0-301F-11D3-BF4B-00C04F79EFBC}") = "BlazorApp", "BlazorApp\BlazorApp.csproj", "{5ED941CF-1C91-4996-B3B7-BE1A929911F6}"
EndProject
Global
	GlobalSection(SolutionConfigurationPlatforms) = preSolution
		Debug|Any CPU = Debug|Any CPU
		Release|Any CPU = Release|Any CPU
	EndGlobalSection
	GlobalSection(ProjectConfigurationPlatforms) = postSolution
		{44DBEBA4-56B8-4BA7-96C3-6AFAAA32D947}.Debug|Any CPU.ActiveCfg = Debug|Any CPU
		{44DBEBA4-56B8-4BA7-96C3-6AFAAA32D947}.Debug|Any CPU.Build.0 = Debug|Any CPU
		{44DBEBA4-56B8-4BA7-96C3-6AFAAA32D947}.Release|Any CPU.ActiveCfg = Release|Any CPU
		{44DBEBA4-56B8-4BA7-96C3-6AFAAA32D947}.Release|Any CPU.Build.0 = Release|Any CPU
		{5ED941CF-1C91-4996-B3B7-BE1A929911F6}.Debug|Any CPU.ActiveCfg = Debug|Any CPU
		{5ED941CF-1C91-4996-B3B7-BE1A929911F6}.Debug|Any CPU.Build.0 = Debug|Any CPU
		{5ED941CF-1C91-4996-B3B7-BE1A929911F6}.Release|Any CPU.ActiveCfg = Release|Any CPU
		{5ED941CF-1C91-4996-B3B7-BE1A929911F6}.Release|Any CPU.Build.0 = Release|Any CPU
	EndGlobalSection
	GlobalSection(SolutionProperties) = preSolution
		HideSolutionNode = FALSE
	EndGlobalSection
	GlobalSection(ExtensibilityGlobals) = postSolution
		SolutionGuid = {E52F0945-CC8D-4663-9CCA-3FA706B5E28C}
	EndGlobalSection
EndGlobal
